// !$*UTF8*$!
{
	archiveVersion = 1;
	classes = {
	};
	objectVersion = 46;
	objects = {

/* Begin PBXBuildFile section */
		9628D4091DA5D30700CB2AA3 /* AppDelegate.swift in Sources */ = {isa = PBXBuildFile; fileRef = 9628D4081DA5D30700CB2AA3 /* AppDelegate.swift */; };
		9628D40B1DA5D30700CB2AA3 /* ViewController.swift in Sources */ = {isa = PBXBuildFile; fileRef = 9628D40A1DA5D30700CB2AA3 /* ViewController.swift */; };
		9628D40E1DA5D30700CB2AA3 /* Main.storyboard in Resources */ = {isa = PBXBuildFile; fileRef = 9628D40C1DA5D30700CB2AA3 /* Main.storyboard */; };
		9628D4101DA5D30700CB2AA3 /* Assets.xcassets in Resources */ = {isa = PBXBuildFile; fileRef = 9628D40F1DA5D30700CB2AA3 /* Assets.xcassets */; };
		9628D4131DA5D30700CB2AA3 /* LaunchScreen.storyboard in Resources */ = {isa = PBXBuildFile; fileRef = 9628D4111DA5D30700CB2AA3 /* LaunchScreen.storyboard */; };
		9628D41E1DA5D30700CB2AA3 /* CustomViewTestTests.swift in Sources */ = {isa = PBXBuildFile; fileRef = 9628D41D1DA5D30700CB2AA3 /* CustomViewTestTests.swift */; };
		9628D4291DA5D30700CB2AA3 /* CustomViewTestUITests.swift in Sources */ = {isa = PBXBuildFile; fileRef = 9628D4281DA5D30700CB2AA3 /* CustomViewTestUITests.swift */; };
		9628D4371DA5D47000CB2AA3 /* ImageTextView.swift in Sources */ = {isa = PBXBuildFile; fileRef = 9628D4361DA5D47000CB2AA3 /* ImageTextView.swift */; };
		9628D4391DA5D47900CB2AA3 /* ImageTextView.xib in Resources */ = {isa = PBXBuildFile; fileRef = 9628D4381DA5D47900CB2AA3 /* ImageTextView.xib */; };
/* End PBXBuildFile section */

/* Begin PBXContainerItemProxy section */
		9628D41A1DA5D30700CB2AA3 /* PBXContainerItemProxy */ = {
			isa = PBXContainerItemProxy;
			containerPortal = 9628D3FD1DA5D30700CB2AA3 /* Project object */;
			proxyType = 1;
			remoteGlobalIDString = 9628D4041DA5D30700CB2AA3;
			remoteInfo = CustomViewTest;
		};
		9628D4251DA5D30700CB2AA3 /* PBXContainerItemProxy */ = {
			isa = PBXContainerItemProxy;
			containerPortal = 9628D3FD1DA5D30700CB2AA3 /* Project object */;
			proxyType = 1;
			remoteGlobalIDString = 9628D4041DA5D30700CB2AA3;
			remoteInfo = CustomViewTest;
		};
/* End PBXContainerItemProxy section */

/* Begin PBXFileReference section */
		9628D4051DA5D30700CB2AA3 /* CustomViewTest.app */ = {isa = PBXFileReference; explicitFileType = wrapper.application; includeInIndex = 0; path = CustomViewTest.app; sourceTree = BUILT_PRODUCTS_DIR; };
		9628D4081DA5D30700CB2AA3 /* AppDelegate.swift */ = {isa = PBXFileReference; lastKnownFileType = sourcecode.swift; path = AppDelegate.swift; sourceTree = "<group>"; };
		9628D40A1DA5D30700CB2AA3 /* ViewController.swift */ = {isa = PBXFileReference; lastKnownFileType = sourcecode.swift; path = ViewController.swift; sourceTree = "<group>"; };
		9628D40D1DA5D30700CB2AA3 /* Base */ = {isa = PBXFileReference; lastKnownFileType = file.storyboard; name = Base; path = Base.lproj/Main.storyboard; sourceTree = "<group>"; };
		9628D40F1DA5D30700CB2AA3 /* Assets.xcassets */ = {isa = PBXFileReference; lastKnownFileType = folder.assetcatalog; path = Assets.xcassets; sourceTree = "<group>"; };
		9628D4121DA5D30700CB2AA3 /* Base */ = {isa = PBXFileReference; lastKnownFileType = file.storyboard; name = Base; path = Base.lproj/LaunchScreen.storyboard; sourceTree = "<group>"; };
		9628D4141DA5D30700CB2AA3 /* Info.plist */ = {isa = PBXFileReference; lastKnownFileType = text.plist.xml; path = Info.plist; sourceTree = "<group>"; };
		9628D4191DA5D30700CB2AA3 /* CustomViewTestTests.xctest */ = {isa = PBXFileReference; explicitFileType = wrapper.cfbundle; includeInIndex = 0; path = CustomViewTestTests.xctest; sourceTree = BUILT_PRODUCTS_DIR; };
		9628D41D1DA5D30700CB2AA3 /* CustomViewTestTests.swift */ = {isa = PBXFileReference; lastKnownFileType = sourcecode.swift; path = CustomViewTestTests.swift; sourceTree = "<group>"; };
		9628D41F1DA5D30700CB2AA3 /* Info.plist */ = {isa = PBXFileReference; lastKnownFileType = text.plist.xml; path = Info.plist; sourceTree = "<group>"; };
		9628D4241DA5D30700CB2AA3 /* CustomViewTestUITests.xctest */ = {isa = PBXFileReference; explicitFileType = wrapper.cfbundle; includeInIndex = 0; path = CustomViewTestUITests.xctest; sourceTree = BUILT_PRODUCTS_DIR; };
		9628D4281DA5D30700CB2AA3 /* CustomViewTestUITests.swift */ = {isa = PBXFileReference; lastKnownFileType = sourcecode.swift; path = CustomViewTestUITests.swift; sourceTree = "<group>"; };
		9628D42A1DA5D30700CB2AA3 /* Info.plist */ = {isa = PBXFileReference; lastKnownFileType = text.plist.xml; path = Info.plist; sourceTree = "<group>"; };
		9628D4361DA5D47000CB2AA3 /* ImageTextView.swift */ = {isa = PBXFileReference; fileEncoding = 4; lastKnownFileType = sourcecode.swift; path = ImageTextView.swift; sourceTree = "<group>"; };
		9628D4381DA5D47900CB2AA3 /* ImageTextView.xib */ = {isa = PBXFileReference; fileEncoding = 4; lastKnownFileType = file.xib; path = ImageTextView.xib; sourceTree = "<group>"; };
/* End PBXFileReference section */

/* Begin PBXFrameworksBuildPhase section */
		9628D4021DA5D30700CB2AA3 /* Frameworks */ = {
			isa = PBXFrameworksBuildPhase;
			buildActionMask = 2147483647;
			files = (
			);
			runOnlyForDeploymentPostprocessing = 0;
		};
		9628D4161DA5D30700CB2AA3 /* Frameworks */ = {
			isa = PBXFrameworksBuildPhase;
			buildActionMask = 2147483647;
			files = (
			);
			runOnlyForDeploymentPostprocessing = 0;
		};
		9628D4211DA5D30700CB2AA3 /* Frameworks */ = {
			isa = PBXFrameworksBuildPhase;
			buildActionMask = 2147483647;
			files = (
			);
			runOnlyForDeploymentPostprocessing = 0;
		};
/* End PBXFrameworksBuildPhase section */

/* Begin PBXGroup section */
		9628D3FC1DA5D30700CB2AA3 = {
			isa = PBXGroup;
			children = (
				9628D4071DA5D30700CB2AA3 /* CustomViewTest */,
				9628D41C1DA5D30700CB2AA3 /* CustomViewTestTests */,
				9628D4271DA5D30700CB2AA3 /* CustomViewTestUITests */,
				9628D4061DA5D30700CB2AA3 /* Products */,
			);
			sourceTree = "<group>";
		};
		9628D4061DA5D30700CB2AA3 /* Products */ = {
			isa = PBXGroup;
			children = (
				9628D4051DA5D30700CB2AA3 /* CustomViewTest.app */,
				9628D4191DA5D30700CB2AA3 /* CustomViewTestTests.xctest */,
				9628D4241DA5D30700CB2AA3 /* CustomViewTestUITests.xctest */,
			);
			name = Products;
			sourceTree = "<group>";
		};
		9628D4071DA5D30700CB2AA3 /* CustomViewTest */ = {
			isa = PBXGroup;
			children = (
				9628D4081DA5D30700CB2AA3 /* AppDelegate.swift */,
				9628D4381DA5D47900CB2AA3 /* ImageTextView.xib */,
				9628D4361DA5D47000CB2AA3 /* ImageTextView.swift */,
				9628D40C1DA5D30700CB2AA3 /* Main.storyboard */,
				9628D40A1DA5D30700CB2AA3 /* ViewController.swift */,
				9628D40F1DA5D30700CB2AA3 /* Assets.xcassets */,
				9628D4111DA5D30700CB2AA3 /* LaunchScreen.storyboard */,
				9628D4141DA5D30700CB2AA3 /* Info.plist */,
			);
			path = CustomViewTest;
			sourceTree = "<group>";
		};
		9628D41C1DA5D30700CB2AA3 /* CustomViewTestTests */ = {
			isa = PBXGroup;
			children = (
				9628D41D1DA5D30700CB2AA3 /* CustomViewTestTests.swift */,
				9628D41F1DA5D30700CB2AA3 /* Info.plist */,
			);
			path = CustomViewTestTests;
			sourceTree = "<group>";
		};
		9628D4271DA5D30700CB2AA3 /* CustomViewTestUITests */ = {
			isa = PBXGroup;
			children = (
				9628D4281DA5D30700CB2AA3 /* CustomViewTestUITests.swift */,
				9628D42A1DA5D30700CB2AA3 /* Info.plist */,
			);
			path = CustomViewTestUITests;
			sourceTree = "<group>";
		};
/* End PBXGroup section */

/* Begin PBXNativeTarget section */
		9628D4041DA5D30700CB2AA3 /* CustomViewTest */ = {
			isa = PBXNativeTarget;
			buildConfigurationList = 9628D42D1DA5D30700CB2AA3 /* Build configuration list for PBXNativeTarget "CustomViewTest" */;
			buildPhases = (
				9628D4011DA5D30700CB2AA3 /* Sources */,
				9628D4021DA5D30700CB2AA3 /* Frameworks */,
				9628D4031DA5D30700CB2AA3 /* Resources */,
			);
			buildRules = (
			);
			dependencies = (
			);
			name = CustomViewTest;
			productName = CustomViewTest;
			productReference = 9628D4051DA5D30700CB2AA3 /* CustomViewTest.app */;
			productType = "com.apple.product-type.application";
		};
		9628D4181DA5D30700CB2AA3 /* CustomViewTestTests */ = {
			isa = PBXNativeTarget;
			buildConfigurationList = 9628D4301DA5D30700CB2AA3 /* Build configuration list for PBXNativeTarget "CustomViewTestTests" */;
			buildPhases = (
				9628D4151DA5D30700CB2AA3 /* Sources */,
				9628D4161DA5D30700CB2AA3 /* Frameworks */,
				9628D4171DA5D30700CB2AA3 /* Resources */,
			);
			buildRules = (
			);
			dependencies = (
				9628D41B1DA5D30700CB2AA3 /* PBXTargetDependency */,
			);
			name = CustomViewTestTests;
			productName = CustomViewTestTests;
			productReference = 9628D4191DA5D30700CB2AA3 /* CustomViewTestTests.xctest */;
			productType = "com.apple.product-type.bundle.unit-test";
		};
		9628D4231DA5D30700CB2AA3 /* CustomViewTestUITests */ = {
			isa = PBXNativeTarget;
			buildConfigurationList = 9628D4331DA5D30700CB2AA3 /* Build configuration list for PBXNativeTarget "CustomViewTestUITests" */;
			buildPhases = (
				9628D4201DA5D30700CB2AA3 /* Sources */,
				9628D4211DA5D30700CB2AA3 /* Frameworks */,
				9628D4221DA5D30700CB2AA3 /* Resources */,
			);
			buildRules = (
			);
			dependencies = (
				9628D4261DA5D30700CB2AA3 /* PBXTargetDependency */,
			);
			name = CustomViewTestUITests;
			productName = CustomViewTestUITests;
			productReference = 9628D4241DA5D30700CB2AA3 /* CustomViewTestUITests.xctest */;
			productType = "com.apple.product-type.bundle.ui-testing";
		};
/* End PBXNativeTarget section */

/* Begin PBXProject section */
		9628D3FD1DA5D30700CB2AA3 /* Project object */ = {
			isa = PBXProject;
			attributes = {
				LastSwiftUpdateCheck = 0730;
				LastUpgradeCheck = 0730;
				ORGANIZATIONNAME = genoplan;
				TargetAttributes = {
					9628D4041DA5D30700CB2AA3 = {
						CreatedOnToolsVersion = 7.3.1;
					};
					9628D4181DA5D30700CB2AA3 = {
						CreatedOnToolsVersion = 7.3.1;
						TestTargetID = 9628D4041DA5D30700CB2AA3;
					};
					9628D4231DA5D30700CB2AA3 = {
						CreatedOnToolsVersion = 7.3.1;
						TestTargetID = 9628D4041DA5D30700CB2AA3;
					};
				};
			};
			buildConfigurationList = 9628D4001DA5D30700CB2AA3 /* Build configuration list for PBXProject "CustomViewTest" */;
			compatibilityVersion = "Xcode 3.2";
			developmentRegion = English;
			hasScannedForEncodings = 0;
			knownRegions = (
				en,
				Base,
			);
			mainGroup = 9628D3FC1DA5D30700CB2AA3;
			productRefGroup = 9628D4061DA5D30700CB2AA3 /* Products */;
			projectDirPath = "";
			projectRoot = "";
			targets = (
				9628D4041DA5D30700CB2AA3 /* CustomViewTest */,
				9628D4181DA5D30700CB2AA3 /* CustomViewTestTests */,
				9628D4231DA5D30700CB2AA3 /* CustomViewTestUITests */,
			);
		};
/* End PBXProject section */

/* Begin PBXResourcesBuildPhase section */
		9628D4031DA5D30700CB2AA3 /* Resources */ = {
			isa = PBXResourcesBuildPhase;
			buildActionMask = 2147483647;
			files = (
				9628D4131DA5D30700CB2AA3 /* LaunchScreen.storyboard in Resources */,
				9628D4391DA5D47900CB2AA3 /* ImageTextView.xib in Resources */,
				9628D4101DA5D30700CB2AA3 /* Assets.xcassets in Resources */,
				9628D40E1DA5D30700CB2AA3 /* Main.storyboard in Resources */,
			);
			runOnlyForDeploymentPostprocessing = 0;
		};
		9628D4171DA5D30700CB2AA3 /* Resources */ = {
			isa = PBXResourcesBuildPhase;
			buildActionMask = 2147483647;
			files = (
			);
			runOnlyForDeploymentPostprocessing = 0;
		};
		9628D4221DA5D30700CB2AA3 /* Resources */ = {
			isa = PBXResourcesBuildPhase;
			buildActionMask = 2147483647;
			files = (
			);
			runOnlyForDeploymentPostprocessing = 0;
		};
/* End PBXResourcesBuildPhase section */

/* Begin PBXSourcesBuildPhase section */
		9628D4011DA5D30700CB2AA3 /* Sources */ = {
			isa = PBXSourcesBuildPhase;
			buildActionMask = 2147483647;
			files = (
				9628D40B1DA5D30700CB2AA3 /* ViewController.swift in Sources */,
				9628D4371DA5D47000CB2AA3 /* ImageTextView.swift in Sources */,
				9628D4091DA5D30700CB2AA3 /* AppDelegate.swift in Sources */,
			);
			runOnlyForDeploymentPostprocessing = 0;
		};
		9628D4151DA5D30700CB2AA3 /* Sources */ = {
			isa = PBXSourcesBuildPhase;
			buildActionMask = 2147483647;
			files = (
				9628D41E1DA5D30700CB2AA3 /* CustomViewTestTests.swift in Sources */,
			);
			runOnlyForDeploymentPostprocessing = 0;
		};
		9628D4201DA5D30700CB2AA3 /* Sources */ = {
			isa = PBXSourcesBuildPhase;
			buildActionMask = 2147483647;
			files = (
				9628D4291DA5D30700CB2AA3 /* CustomViewTestUITests.swift in Sources */,
			);
			runOnlyForDeploymentPostprocessing = 0;
		};
/* End PBXSourcesBuildPhase section */

/* Begin PBXTargetDependency section */
		9628D41B1DA5D30700CB2AA3 /* PBXTargetDependency */ = {
			isa = PBXTargetDependency;
			target = 9628D4041DA5D30700CB2AA3 /* CustomViewTest */;
			targetProxy = 9628D41A1DA5D30700CB2AA3 /* PBXContainerItemProxy */;
		};
		9628D4261DA5D30700CB2AA3 /* PBXTargetDependency */ = {
			isa = PBXTargetDependency;
			target = 9628D4041DA5D30700CB2AA3 /* CustomViewTest */;
			targetProxy = 9628D4251DA5D30700CB2AA3 /* PBXContainerItemProxy */;
		};
/* End PBXTargetDependency section */

/* Begin PBXVariantGroup section */
		9628D40C1DA5D30700CB2AA3 /* Main.storyboard */ = {
			isa = PBXVariantGroup;
			children = (
				9628D40D1DA5D30700CB2AA3 /* Base */,
			);
			name = Main.storyboard;
			sourceTree = "<group>";
		};
		9628D4111DA5D30700CB2AA3 /* LaunchScreen.storyboard */ = {
			isa = PBXVariantGroup;
			children = (
				9628D4121DA5D30700CB2AA3 /* Base */,
			);
			name = LaunchScreen.storyboard;
			sourceTree = "<group>";
		};
/* End PBXVariantGroup section */

/* Begin XCBuildConfiguration section */
		9628D42B1DA5D30700CB2AA3 /* Debug */ = {
			isa = XCBuildConfiguration;
			buildSettings = {
				ALWAYS_SEARCH_USER_PATHS = NO;
				CLANG_ANALYZER_NONNULL = YES;
				CLANG_CXX_LANGUAGE_STANDARD = "gnu++0x";
				CLANG_CXX_LIBRARY = "libc++";
				CLANG_ENABLE_MODULES = YES;
				CLANG_ENABLE_OBJC_ARC = YES;
				CLANG_WARN_BOOL_CONVERSION = YES;
				CLANG_WARN_CONSTANT_CONVERSION = YES;
				CLANG_WARN_DIRECT_OBJC_ISA_USAGE = YES_ERROR;
				CLANG_WARN_EMPTY_BODY = YES;
				CLANG_WARN_ENUM_CONVERSION = YES;
				CLANG_WARN_INT_CONVERSION = YES;
				CLANG_WARN_OBJC_ROOT_CLASS = YES_ERROR;
				CLANG_WARN_UNREACHABLE_CODE = YES;
				CLANG_WARN__DUPLICATE_METHOD_MATCH = YES;
				"CODE_SIGN_IDENTITY[sdk=iphoneos*]" = "iPhone Developer";
				COPY_PHASE_STRIP = NO;
				DEBUG_INFORMATION_FORMAT = dwarf;
				ENABLE_STRICT_OBJC_MSGSEND = YES;
				ENABLE_TESTABILITY = YES;
				GCC_C_LANGUAGE_STANDARD = gnu99;
				GCC_DYNAMIC_NO_PIC = NO;
				GCC_NO_COMMON_BLOCKS = YES;
				GCC_OPTIMIZATION_LEVEL = 0;
				GCC_PREPROCESSOR_DEFINITIONS = (
					"DEBUG=1",
					"$(inherited)",
				);
				GCC_WARN_64_TO_32_BIT_CONVERSION = YES;
				GCC_WARN_ABOUT_RETURN_TYPE = YES_ERROR;
				GCC_WARN_UNDECLARED_SELECTOR = YES;
				GCC_WARN_UNINITIALIZED_AUTOS = YES_AGGRESSIVE;
				GCC_WARN_UNUSED_FUNCTION = YES;
				GCC_WARN_UNUSED_VARIABLE = YES;
				IPHONEOS_DEPLOYMENT_TARGET = 9.3;
				MTL_ENABLE_DEBUG_INFO = YES;
				ONLY_ACTIVE_ARCH = YES;
				SDKROOT = iphoneos;
				SWIFT_OPTIMIZATION_LEVEL = "-Onone";
			};
			name = Debug;
		};
		9628D42C1DA5D30700CB2AA3 /* Release */ = {
			isa = XCBuildConfiguration;
			buildSettings = {
				ALWAYS_SEARCH_USER_PATHS = NO;
				CLANG_ANALYZER_NONNULL = YES;
				CLANG_CXX_LANGUAGE_STANDARD = "gnu++0x";
				CLANG_CXX_LIBRARY = "libc++";
				CLANG_ENABLE_MODULES = YES;
				CLANG_ENABLE_OBJC_ARC = YES;
				CLANG_WARN_BOOL_CONVERSION = YES;
				CLANG_WARN_CONSTANT_CONVERSION = YES;
				CLANG_WARN_DIRECT_OBJC_ISA_USAGE = YES_ERROR;
				CLANG_WARN_EMPTY_BODY = YES;
				CLANG_WARN_ENUM_CONVERSION = YES;
				CLANG_WARN_INT_CONVERSION = YES;
				CLANG_WARN_OBJC_ROOT_CLASS = YES_ERROR;
				CLANG_WARN_UNREACHABLE_CODE = YES;
				CLANG_WARN__DUPLICATE_METHOD_MATCH = YES;
				"CODE_SIGN_IDENTITY[sdk=iphoneos*]" = "iPhone Developer";
				COPY_PHASE_STRIP = NO;
				DEBUG_INFORMATION_FORMAT = "dwarf-with-dsym";
				ENABLE_NS_ASSERTIONS = NO;
				ENABLE_STRICT_OBJC_MSGSEND = YES;
				GCC_C_LANGUAGE_STANDARD = gnu99;
				GCC_NO_COMMON_BLOCKS = YES;
				GCC_WARN_64_TO_32_BIT_CONVERSION = YES;
				GCC_WARN_ABOUT_RETURN_TYPE = YES_ERROR;
				GCC_WARN_UNDECLARED_SELECTOR = YES;
				GCC_WARN_UNINITIALIZED_AUTOS = YES_AGGRESSIVE;
				GCC_WARN_UNUSED_FUNCTION = YES;
				GCC_WARN_UNUSED_VARIABLE = YES;
				IPHONEOS_DEPLOYMENT_TARGET = 9.3;
				MTL_ENABLE_DEBUG_INFO = NO;
				SDKROOT = iphoneos;
				VALIDATE_PRODUCT = YES;
			};
			name = Release;
		};
		9628D42E1DA5D30700CB2AA3 /* Debug */ = {
			isa = XCBuildConfiguration;
			buildSettings = {
				ASSETCATALOG_COMPILER_APPICON_NAME = AppIcon;
				INFOPLIST_FILE = CustomViewTest/Info.plist;
				LD_RUNPATH_SEARCH_PATHS = "$(inherited) @executable_path/Frameworks";
				PRODUCT_BUNDLE_IDENTIFIER = genoplan.CustomViewTest;
				PRODUCT_NAME = "$(TARGET_NAME)";
			};
			name = Debug;
		};
		9628D42F1DA5D30700CB2AA3 /* Release */ = {
			isa = XCBuildConfiguration;
			buildSettings = {
				ASSETCATALOG_COMPILER_APPICON_NAME = AppIcon;
				INFOPLIST_FILE = CustomViewTest/Info.plist;
				LD_RUNPATH_SEARCH_PATHS = "$(inherited) @executable_path/Frameworks";
				PRODUCT_BUNDLE_IDENTIFIER = genoplan.CustomViewTest;
				PRODUCT_NAME = "$(TARGET_NAME)";
			};
			name = Release;
		};
		9628D4311DA5D30700CB2AA3 /* Debug */ = {
			isa = XCBuildConfiguration;
			buildSettings = {
				BUNDLE_LOADER = "$(TEST_HOST)";
				INFOPLIST_FILE = CustomViewTestTests/Info.plist;
				LD_RUNPATH_SEARCH_PATHS = "$(inherited) @executable_path/Frameworks @loader_path/Frameworks";
				PRODUCT_BUNDLE_IDENTIFIER = genoplan.CustomViewTestTests;
				PRODUCT_NAME = "$(TARGET_NAME)";
				TEST_HOST = "$(BUILT_PRODUCTS_DIR)/CustomViewTest.app/CustomViewTest";
			};
			name = Debug;
		};
		9628D4321DA5D30700CB2AA3 /* Release */ = {
			isa = XCBuildConfiguration;
			buildSettings = {
				BUNDLE_LOADER = "$(TEST_HOST)";
				INFOPLIST_FILE = CustomViewTestTests/Info.plist;
				LD_RUNPATH_SEARCH_PATHS = "$(inherited) @executable_path/Frameworks @loader_path/Frameworks";
				PRODUCT_BUNDLE_IDENTIFIER = genoplan.CustomViewTestTests;
				PRODUCT_NAME = "$(TARGET_NAME)";
				TEST_HOST = "$(BUILT_PRODUCTS_DIR)/CustomViewTest.app/CustomViewTest";
			};
			name = Release;
		};
		9628D4341DA5D30700CB2AA3 /* Debug */ = {
			isa = XCBuildConfiguration;
			buildSettings = {
				INFOPLIST_FILE = CustomViewTestUITests/Info.plist;
				LD_RUNPATH_SEARCH_PATHS = "$(inherited) @executable_path/Frameworks @loader_path/Frameworks";
				PRODUCT_BUNDLE_IDENTIFIER = genoplan.CustomViewTestUITests;
				PRODUCT_NAME = "$(TARGET_NAME)";
				TEST_TARGET_NAME = CustomViewTest;
			};
			name = Debug;
		};
		9628D4351DA5D30700CB2AA3 /* Release */ = {
			isa = XCBuildConfiguration;
			buildSettings = {
				INFOPLIST_FILE = CustomViewTestUITests/Info.plist;
				LD_RUNPATH_SEARCH_PATHS = "$(inherited) @executable_path/Frameworks @loader_path/Frameworks";
				PRODUCT_BUNDLE_IDENTIFIER = genoplan.CustomViewTestUITests;
				PRODUCT_NAME = "$(TARGET_NAME)";
				TEST_TARGET_NAME = CustomViewTest;
			};
			name = Release;
		};
/* End XCBuildConfiguration section */

/* Begin XCConfigurationList section */
		9628D4001DA5D30700CB2AA3 /* Build configuration list for PBXProject "CustomViewTest" */ = {
			isa = XCConfigurationList;
			buildConfigurations = (
				9628D42B1DA5D30700CB2AA3 /* Debug */,
				9628D42C1DA5D30700CB2AA3 /* Release */,
			);
			defaultConfigurationIsVisible = 0;
			defaultConfigurationName = Release;
		};
		9628D42D1DA5D30700CB2AA3 /* Build configuration list for PBXNativeTarget "CustomViewTest" */ = {
			isa = XCConfigurationList;
			buildConfigurations = (
				9628D42E1DA5D30700CB2AA3 /* Debug */,
				9628D42F1DA5D30700CB2AA3 /* Release */,
			);
			defaultConfigurationIsVisible = 0;
		};
		9628D4301DA5D30700CB2AA3 /* Build configuration list for PBXNativeTarget "CustomViewTestTests" */ = {
			isa = XCConfigurationList;
			buildConfigurations = (
				9628D4311DA5D30700CB2AA3 /* Debug */,
				9628D4321DA5D30700CB2AA3 /* Release */,
			);
			defaultConfigurationIsVisible = 0;
		};
		9628D4331DA5D30700CB2AA3 /* Build configuration list for PBXNativeTarget "CustomViewTestUITests" */ = {
			isa = XCConfigurationList;
			buildConfigurations = (
				9628D4341DA5D30700CB2AA3 /* Debug */,
				9628D4351DA5D30700CB2AA3 /* Release */,
			);
			defaultConfigurationIsVisible = 0;
		};
/* End XCConfigurationList section */
	};
	rootObject = 9628D3FD1DA5D30700CB2AA3 /* Project object */;
}
